
Microsoft Visual Studio Solution File, Format Version 12.00
# Visual Studio Version 16
VisualStudioVersion = 16.0.31624.102
MinimumVisualStudioVersion = 10.0.40219.1
Project("{9A19103F-16F7-4668-BE54-9A1E7A4F7556}") = "KvadratnaJednadzba", "KvadratnaJednadzba\KvadratnaJednadzba.csproj", "{07A728AC-838D-4342-B187-F698C194A8BF}"
EndProject
Project("{FAE04EC0-301F-11D3-BF4B-00C04F79EFBC}") = "Gui", "Gui\Gui.csproj", "{2984CB53-F3ED-4AC7-8DEC-5999455D2D03}"
EndProject
Project("{FAE04EC0-301F-11D3-BF4B-00C04F79EFBC}") = "KvadratnaJednadzba2", "KvadratnaJednadzba2\KvadratnaJednadzba2.csproj", "{00C004A9-2A46-47CE-9BD7-A5267621D644}"
EndProject
Global
	GlobalSection(SolutionConfigurationPlatforms) = preSolution
		Debug|Any CPU = Debug|Any CPU
		Release|Any CPU = Release|Any CPU
	EndGlobalSection
	GlobalSection(ProjectConfigurationPlatforms) = postSolution
		{07A728AC-838D-4342-B187-F698C194A8BF}.Debug|Any CPU.ActiveCfg = Debug|Any CPU
		{07A728AC-838D-4342-B187-F698C194A8BF}.Debug|Any CPU.Build.0 = Debug|Any CPU
		{07A728AC-838D-4342-B187-F698C194A8BF}.Release|Any CPU.ActiveCfg = Release|Any CPU
		{07A728AC-838D-4342-B187-F698C194A8BF}.Release|Any CPU.Build.0 = Release|Any CPU
		{2984CB53-F3ED-4AC7-8DEC-5999455D2D03}.Debug|Any CPU.ActiveCfg = Debug|Any CPU
		{2984CB53-F3ED-4AC7-8DEC-5999455D2D03}.Debug|Any CPU.Build.0 = Debug|Any CPU
		{2984CB53-F3ED-4AC7-8DEC-5999455D2D03}.Release|Any CPU.ActiveCfg = Release|Any CPU
		{2984CB53-F3ED-4AC7-8DEC-5999455D2D03}.Release|Any CPU.Build.0 = Release|Any CPU
		{00C004A9-2A46-47CE-9BD7-A5267621D644}.Debug|Any CPU.ActiveCfg = Debug|Any CPU
		{00C004A9-2A46-47CE-9BD7-A5267621D644}.Debug|Any CPU.Build.0 = Debug|Any CPU
		{00C004A9-2A46-47CE-9BD7-A5267621D644}.Release|Any CPU.ActiveCfg = Release|Any CPU
		{00C004A9-2A46-47CE-9BD7-A5267621D644}.Release|Any CPU.Build.0 = Release|Any CPU
	EndGlobalSection
	GlobalSection(SolutionProperties) = preSolution
		HideSolutionNode = FALSE
	EndGlobalSection
	GlobalSection(ExtensibilityGlobals) = postSolution
		SolutionGuid = {89EC124E-5770-4DD7-9AA1-67F3D5F81BB4}
	EndGlobalSection
EndGlobal
